
Microsoft Visual Studio Solution File, Format Version 12.00
# Visual Studio 14
VisualStudioVersion = 14.0.25420.1
MinimumVisualStudioVersion = 10.0.40219.1
Project("{FAE04EC0-301F-11D3-BF4B-00C04F79EFBC}") = "docusignDemo", "docusignDemo\docusignDemo.csproj", "{3AF0DDB6-E133-4B78-A602-911225490421}"
EndProject
Project("{FAE04EC0-301F-11D3-BF4B-00C04F79EFBC}") = "docusignDemo.Data", "docusignDemo.Data\docusignDemo.Data.csproj", "{8698F49C-D974-4820-ABD3-CA7942A8BC8C}"
EndProject
Global
	GlobalSection(SolutionConfigurationPlatforms) = preSolution
		Debug|Any CPU = Debug|Any CPU
		Release|Any CPU = Release|Any CPU
	EndGlobalSection
	GlobalSection(ProjectConfigurationPlatforms) = postSolution
		{3AF0DDB6-E133-4B78-A602-911225490421}.Debug|Any CPU.ActiveCfg = Debug|Any CPU
		{3AF0DDB6-E133-4B78-A602-911225490421}.Debug|Any CPU.Build.0 = Debug|Any CPU
		{3AF0DDB6-E133-4B78-A602-911225490421}.Release|Any CPU.ActiveCfg = Release|Any CPU
		{3AF0DDB6-E133-4B78-A602-911225490421}.Release|Any CPU.Build.0 = Release|Any CPU
		{8698F49C-D974-4820-ABD3-CA7942A8BC8C}.Debug|Any CPU.ActiveCfg = Debug|Any CPU
		{8698F49C-D974-4820-ABD3-CA7942A8BC8C}.Debug|Any CPU.Build.0 = Debug|Any CPU
		{8698F49C-D974-4820-ABD3-CA7942A8BC8C}.Release|Any CPU.ActiveCfg = Release|Any CPU
		{8698F49C-D974-4820-ABD3-CA7942A8BC8C}.Release|Any CPU.Build.0 = Release|Any CPU
	EndGlobalSection
	GlobalSection(SolutionProperties) = preSolution
		HideSolutionNode = FALSE
	EndGlobalSection
EndGlobal
